// !$*UTF8*$!
{
	archiveVersion = 1;
	classes = {
	};
	objectVersion = 50;
	objects = {

/* Begin PBXBuildFile section */
		74CEF86F24B87D97009CB8E8 /* AppDelegate.swift in Sources */ = {isa = PBXBuildFile; fileRef = 74CEF86E24B87D97009CB8E8 /* AppDelegate.swift */; };
		74CEF87124B87D97009CB8E8 /* SceneDelegate.swift in Sources */ = {isa = PBXBuildFile; fileRef = 74CEF87024B87D97009CB8E8 /* SceneDelegate.swift */; };
		74CEF87324B87D97009CB8E8 /* ViewController.swift in Sources */ = {isa = PBXBuildFile; fileRef = 74CEF87224B87D97009CB8E8 /* ViewController.swift */; };
		74CEF87624B87D97009CB8E8 /* Main.storyboard in Resources */ = {isa = PBXBuildFile; fileRef = 74CEF87424B87D97009CB8E8 /* Main.storyboard */; };
		74CEF87824B87D98009CB8E8 /* Assets.xcassets in Resources */ = {isa = PBXBuildFile; fileRef = 74CEF87724B87D98009CB8E8 /* Assets.xcassets */; };
		74CEF87B24B87D98009CB8E8 /* LaunchScreen.storyboard in Resources */ = {isa = PBXBuildFile; fileRef = 74CEF87924B87D98009CB8E8 /* LaunchScreen.storyboard */; };
/* End PBXBuildFile section */

/* Begin PBXFileReference section */
		74CEF86B24B87D97009CB8E8 /* Classification App.app */ = {isa = PBXFileReference; explicitFileType = wrapper.application; includeInIndex = 0; path = "Classification App.app"; sourceTree = BUILT_PRODUCTS_DIR; };
		74CEF86E24B87D97009CB8E8 /* AppDelegate.swift */ = {isa = PBXFileReference; lastKnownFileType = sourcecode.swift; path = AppDelegate.swift; sourceTree = "<group>"; };
		74CEF87024B87D97009CB8E8 /* SceneDelegate.swift */ = {isa = PBXFileReference; lastKnownFileType = sourcecode.swift; path = SceneDelegate.swift; sourceTree = "<group>"; };
		74CEF87224B87D97009CB8E8 /* ViewController.swift */ = {isa = PBXFileReference; lastKnownFileType = sourcecode.swift; path = ViewController.swift; sourceTree = "<group>"; };
		74CEF87524B87D97009CB8E8 /* Base */ = {isa = PBXFileReference; lastKnownFileType = file.storyboard; name = Base; path = Base.lproj/Main.storyboard; sourceTree = "<group>"; };
		74CEF87724B87D98009CB8E8 /* Assets.xcassets */ = {isa = PBXFileReference; lastKnownFileType = folder.assetcatalog; path = Assets.xcassets; sourceTree = "<group>"; };
		74CEF87A24B87D98009CB8E8 /* Base */ = {isa = PBXFileReference; lastKnownFileType = file.storyboard; name = Base; path = Base.lproj/LaunchScreen.storyboard; sourceTree = "<group>"; };
		74CEF87C24B87D98009CB8E8 /* Info.plist */ = {isa = PBXFileReference; lastKnownFileType = text.plist.xml; path = Info.plist; sourceTree = "<group>"; };
/* End PBXFileReference section */

/* Begin PBXFrameworksBuildPhase section */
		74CEF86824B87D97009CB8E8 /* Frameworks */ = {
			isa = PBXFrameworksBuildPhase;
			buildActionMask = 2147483647;
			files = (
			);
			runOnlyForDeploymentPostprocessing = 0;
		};
/* End PBXFrameworksBuildPhase section */

/* Begin PBXGroup section */
		74CEF86224B87D97009CB8E8 = {
			isa = PBXGroup;
			children = (
				74CEF86D24B87D97009CB8E8 /* Classification App */,
				74CEF86C24B87D97009CB8E8 /* Products */,
			);
			sourceTree = "<group>";
		};
		74CEF86C24B87D97009CB8E8 /* Products */ = {
			isa = PBXGroup;
			children = (
				74CEF86B24B87D97009CB8E8 /* Classification App.app */,
			);
			name = Products;
			sourceTree = "<group>";
		};
		74CEF86D24B87D97009CB8E8 /* Classification App */ = {
			isa = PBXGroup;
			children = (
				74CEF86E24B87D97009CB8E8 /* AppDelegate.swift */,
				74CEF87024B87D97009CB8E8 /* SceneDelegate.swift */,
				74CEF87224B87D97009CB8E8 /* ViewController.swift */,
				74CEF87424B87D97009CB8E8 /* Main.storyboard */,
				74CEF87724B87D98009CB8E8 /* Assets.xcassets */,
				74CEF87924B87D98009CB8E8 /* LaunchScreen.storyboard */,
				74CEF87C24B87D98009CB8E8 /* Info.plist */,
			);
			path = "Classification App";
			sourceTree = "<group>";
		};
/* End PBXGroup section */

/* Begin PBXNativeTarget section */
		74CEF86A24B87D97009CB8E8 /* Classification App */ = {
			isa = PBXNativeTarget;
			buildConfigurationList = 74CEF87F24B87D98009CB8E8 /* Build configuration list for PBXNativeTarget "Classification App" */;
			buildPhases = (
				74CEF86724B87D97009CB8E8 /* Sources */,
				74CEF86824B87D97009CB8E8 /* Frameworks */,
				74CEF86924B87D97009CB8E8 /* Resources */,
			);
			buildRules = (
			);
			dependencies = (
			);
			name = "Classification App";
			productName = "Classification App";
			productReference = 74CEF86B24B87D97009CB8E8 /* Classification App.app */;
			productType = "com.apple.product-type.application";
		};
/* End PBXNativeTarget section */

/* Begin PBXProject section */
		74CEF86324B87D97009CB8E8 /* Project object */ = {
			isa = PBXProject;
			attributes = {
				LastSwiftUpdateCheck = 1150;
				LastUpgradeCheck = 1150;
				ORGANIZATIONNAME = "Nishino Tomoki";
				TargetAttributes = {
					74CEF86A24B87D97009CB8E8 = {
						CreatedOnToolsVersion = 11.5;
					};
				};
			};
			buildConfigurationList = 74CEF86624B87D97009CB8E8 /* Build configuration list for PBXProject "Classification App" */;
			compatibilityVersion = "Xcode 9.3";
			developmentRegion = en;
			hasScannedForEncodings = 0;
			knownRegions = (
				en,
				Base,
			);
			mainGroup = 74CEF86224B87D97009CB8E8;
			productRefGroup = 74CEF86C24B87D97009CB8E8 /* Products */;
			projectDirPath = "";
			projectRoot = "";
			targets = (
				74CEF86A24B87D97009CB8E8 /* Classification App */,
			);
		};
/* End PBXProject section */

/* Begin PBXResourcesBuildPhase section */
		74CEF86924B87D97009CB8E8 /* Resources */ = {
			isa = PBXResourcesBuildPhase;
			buildActionMask = 2147483647;
			files = (
				74CEF87B24B87D98009CB8E8 /* LaunchScreen.storyboard in Resources */,
				74CEF87824B87D98009CB8E8 /* Assets.xcassets in Resources */,
				74CEF87624B87D97009CB8E8 /* Main.storyboard in Resources */,
			);
			runOnlyForDeploymentPostprocessing = 0;
		};
/* End PBXResourcesBuildPhase section */

/* Begin PBXSourcesBuildPhase section */
		74CEF86724B87D97009CB8E8 /* Sources */ = {
			isa = PBXSourcesBuildPhase;
			buildActionMask = 2147483647;
			files = (
				74CEF87324B87D97009CB8E8 /* ViewController.swift in Sources */,
				74CEF86F24B87D97009CB8E8 /* AppDelegate.swift in Sources */,
				74CEF87124B87D97009CB8E8 /* SceneDelegate.swift in Sources */,
			);
			runOnlyForDeploymentPostprocessing = 0;
		};
/* End PBXSourcesBuildPhase section */

/* Begin PBXVariantGroup section */
		74CEF87424B87D97009CB8E8 /* Main.storyboard */ = {
			isa = PBXVariantGroup;
			children = (
				74CEF87524B87D97009CB8E8 /* Base */,
			);
			name = Main.storyboard;
			sourceTree = "<group>";
		};
		74CEF87924B87D98009CB8E8 /* LaunchScreen.storyboard */ = {
			isa = PBXVariantGroup;
			children = (
				74CEF87A24B87D98009CB8E8 /* Base */,
			);
			name = LaunchScreen.storyboard;
			sourceTree = "<group>";
		};
/* End PBXVariantGroup section */

/* Begin XCBuildConfiguration section */
		74CEF87D24B87D98009CB8E8 /* Debug */ = {
			isa = XCBuildConfiguration;
			buildSettings = {
				ALWAYS_SEARCH_USER_PATHS = NO;
				CLANG_ANALYZER_NONNULL = YES;
				CLANG_ANALYZER_NUMBER_OBJECT_CONVERSION = YES_AGGRESSIVE;
				CLANG_CXX_LANGUAGE_STANDARD = "gnu++14";
				CLANG_CXX_LIBRARY = "libc++";
				CLANG_ENABLE_MODULES = YES;
				CLANG_ENABLE_OBJC_ARC = YES;
				CLANG_ENABLE_OBJC_WEAK = YES;
				CLANG_WARN_BLOCK_CAPTURE_AUTORELEASING = YES;
				CLANG_WARN_BOOL_CONVERSION = YES;
				CLANG_WARN_COMMA = YES;
				CLANG_WARN_CONSTANT_CONVERSION = YES;
				CLANG_WARN_DEPRECATED_OBJC_IMPLEMENTATIONS = YES;
				CLANG_WARN_DIRECT_OBJC_ISA_USAGE = YES_ERROR;
				CLANG_WARN_DOCUMENTATION_COMMENTS = YES;
				CLANG_WARN_EMPTY_BODY = YES;
				CLANG_WARN_ENUM_CONVERSION = YES;
				CLANG_WARN_INFINITE_RECURSION = YES;
				CLANG_WARN_INT_CONVERSION = YES;
				CLANG_WARN_NON_LITERAL_NULL_CONVERSION = YES;
				CLANG_WARN_OBJC_IMPLICIT_RETAIN_SELF = YES;
				CLANG_WARN_OBJC_LITERAL_CONVERSION = YES;
				CLANG_WARN_OBJC_ROOT_CLASS = YES_ERROR;
				CLANG_WARN_RANGE_LOOP_ANALYSIS = YES;
				CLANG_WARN_STRICT_PROTOTYPES = YES;
				CLANG_WARN_SUSPICIOUS_MOVE = YES;
				CLANG_WARN_UNGUARDED_AVAILABILITY = YES_AGGRESSIVE;
				CLANG_WARN_UNREACHABLE_CODE = YES;
				CLANG_WARN__DUPLICATE_METHOD_MATCH = YES;
				COPY_PHASE_STRIP = NO;
				DEBUG_INFORMATION_FORMAT = dwarf;
				ENABLE_STRICT_OBJC_MSGSEND = YES;
				ENABLE_TESTABILITY = YES;
				GCC_C_LANGUAGE_STANDARD = gnu11;
				GCC_DYNAMIC_NO_PIC = NO;
				GCC_NO_COMMON_BLOCKS = YES;
				GCC_OPTIMIZATION_LEVEL = 0;
				GCC_PREPROCESSOR_DEFINITIONS = (
					"DEBUG=1",
					"$(inherited)",
				);
				GCC_WARN_64_TO_32_BIT_CONVERSION = YES;
				GCC_WARN_ABOUT_RETURN_TYPE = YES_ERROR;
				GCC_WARN_UNDECLARED_SELECTOR = YES;
				GCC_WARN_UNINITIALIZED_AUTOS = YES_AGGRESSIVE;
				GCC_WARN_UNUSED_FUNCTION = YES;
				GCC_WARN_UNUSED_VARIABLE = YES;
				IPHONEOS_DEPLOYMENT_TARGET = 13.5;
				MTL_ENABLE_DEBUG_INFO = INCLUDE_SOURCE;
				MTL_FAST_MATH = YES;
				ONLY_ACTIVE_ARCH = YES;
				SDKROOT = iphoneos;
				SWIFT_ACTIVE_COMPILATION_CONDITIONS = DEBUG;
				SWIFT_OPTIMIZATION_LEVEL = "-Onone";
			};
			name = Debug;
		};
		74CEF87E24B87D98009CB8E8 /* Release */ = {
			isa = XCBuildConfiguration;
			buildSettings = {
				ALWAYS_SEARCH_USER_PATHS = NO;
				CLANG_ANALYZER_NONNULL = YES;
				CLANG_ANALYZER_NUMBER_OBJECT_CONVERSION = YES_AGGRESSIVE;
				CLANG_CXX_LANGUAGE_STANDARD = "gnu++14";
				CLANG_CXX_LIBRARY = "libc++";
				CLANG_ENABLE_MODULES = YES;
				CLANG_ENABLE_OBJC_ARC = YES;
				CLANG_ENABLE_OBJC_WEAK = YES;
				CLANG_WARN_BLOCK_CAPTURE_AUTORELEASING = YES;
				CLANG_WARN_BOOL_CONVERSION = YES;
				CLANG_WARN_COMMA = YES;
				CLANG_WARN_CONSTANT_CONVERSION = YES;
				CLANG_WARN_DEPRECATED_OBJC_IMPLEMENTATIONS = YES;
				CLANG_WARN_DIRECT_OBJC_ISA_USAGE = YES_ERROR;
				CLANG_WARN_DOCUMENTATION_COMMENTS = YES;
				CLANG_WARN_EMPTY_BODY = YES;
				CLANG_WARN_ENUM_CONVERSION = YES;
				CLANG_WARN_INFINITE_RECURSION = YES;
				CLANG_WARN_INT_CONVERSION = YES;
				CLANG_WARN_NON_LITERAL_NULL_CONVERSION = YES;
				CLANG_WARN_OBJC_IMPLICIT_RETAIN_SELF = YES;
				CLANG_WARN_OBJC_LITERAL_CONVERSION = YES;
				CLANG_WARN_OBJC_ROOT_CLASS = YES_ERROR;
				CLANG_WARN_RANGE_LOOP_ANALYSIS = YES;
				CLANG_WARN_STRICT_PROTOTYPES = YES;
				CLANG_WARN_SUSPICIOUS_MOVE = YES;
				CLANG_WARN_UNGUARDED_AVAILABILITY = YES_AGGRESSIVE;
				CLANG_WARN_UNREACHABLE_CODE = YES;
				CLANG_WARN__DUPLICATE_METHOD_MATCH = YES;
				COPY_PHASE_STRIP = NO;
				DEBUG_INFORMATION_FORMAT = "dwarf-with-dsym";
				ENABLE_NS_ASSERTIONS = NO;
				ENABLE_STRICT_OBJC_MSGSEND = YES;
				GCC_C_LANGUAGE_STANDARD = gnu11;
				GCC_NO_COMMON_BLOCKS = YES;
				GCC_WARN_64_TO_32_BIT_CONVERSION = YES;
				GCC_WARN_ABOUT_RETURN_TYPE = YES_ERROR;
				GCC_WARN_UNDECLARED_SELECTOR = YES;
				GCC_WARN_UNINITIALIZED_AUTOS = YES_AGGRESSIVE;
				GCC_WARN_UNUSED_FUNCTION = YES;
				GCC_WARN_UNUSED_VARIABLE = YES;
				IPHONEOS_DEPLOYMENT_TARGET = 13.5;
				MTL_ENABLE_DEBUG_INFO = NO;
				MTL_FAST_MATH = YES;
				SDKROOT = iphoneos;
				SWIFT_COMPILATION_MODE = wholemodule;
				SWIFT_OPTIMIZATION_LEVEL = "-O";
				VALIDATE_PRODUCT = YES;
			};
			name = Release;
		};
		74CEF88024B87D98009CB8E8 /* Debug */ = {
			isa = XCBuildConfiguration;
			buildSettings = {
				ASSETCATALOG_COMPILER_APPICON_NAME = AppIcon;
				CODE_SIGN_STYLE = Automatic;
				DEVELOPMENT_TEAM = F5979H826Y;
				INFOPLIST_FILE = "Classification App/Info.plist";
				LD_RUNPATH_SEARCH_PATHS = (
					"$(inherited)",
					"@executable_path/Frameworks",
				);
				PRODUCT_BUNDLE_IDENTIFIER = "app.Nishino.Tomoki.Classification-App";
				PRODUCT_NAME = "$(TARGET_NAME)";
				SWIFT_VERSION = 5.0;
				TARGETED_DEVICE_FAMILY = "1,2";
			};
			name = Debug;
		};
		74CEF88124B87D98009CB8E8 /* Release */ = {
			isa = XCBuildConfiguration;
			buildSettings = {
				ASSETCATALOG_COMPILER_APPICON_NAME = AppIcon;
				CODE_SIGN_STYLE = Automatic;
				DEVELOPMENT_TEAM = F5979H826Y;
				INFOPLIST_FILE = "Classification App/Info.plist";
				LD_RUNPATH_SEARCH_PATHS = (
					"$(inherited)",
					"@executable_path/Frameworks",
				);
				PRODUCT_BUNDLE_IDENTIFIER = "app.Nishino.Tomoki.Classification-App";
				PRODUCT_NAME = "$(TARGET_NAME)";
				SWIFT_VERSION = 5.0;
				TARGETED_DEVICE_FAMILY = "1,2";
			};
			name = Release;
		};
/* End XCBuildConfiguration section */

/* Begin XCConfigurationList section */
		74CEF86624B87D97009CB8E8 /* Build configuration list for PBXProject "Classification App" */ = {
			isa = XCConfigurationList;
			buildConfigurations = (
				74CEF87D24B87D98009CB8E8 /* Debug */,
				74CEF87E24B87D98009CB8E8 /* Release */,
			);
			defaultConfigurationIsVisible = 0;
			defaultConfigurationName = Release;
		};
		74CEF87F24B87D98009CB8E8 /* Build configuration list for PBXNativeTarget "Classification App" */ = {
			isa = XCConfigurationList;
			buildConfigurations = (
				74CEF88024B87D98009CB8E8 /* Debug */,
				74CEF88124B87D98009CB8E8 /* Release */,
			);
			defaultConfigurationIsVisible = 0;
			defaultConfigurationName = Release;
		};
/* End XCConfigurationList section */
	};
	rootObject = 74CEF86324B87D97009CB8E8 /* Project object */;
}
